
Microsoft Visual Studio Solution File, Format Version 12.00
# Visual Studio Version 17
VisualStudioVersion = 17.13.35825.156 d17.13
MinimumVisualStudioVersion = 10.0.40219.1
Project("{FAE04EC0-301F-11D3-BF4B-00C04F79EFBC}") = "RecsApp", "RecsApp\RecsApp.csproj", "{3FFF19B7-9D07-4ECF-9E81-1781994A4201}"
EndProject
Global
	GlobalSection(SolutionConfigurationPlatforms) = preSolution
		Debug|Any CPU = Debug|Any CPU
		Release|Any CPU = Release|Any CPU
	EndGlobalSection
	GlobalSection(ProjectConfigurationPlatforms) = postSolution
		{3FFF19B7-9D07-4ECF-9E81-1781994A4201}.Debug|Any CPU.ActiveCfg = Debug|Any CPU
		{3FFF19B7-9D07-4ECF-9E81-1781994A4201}.Debug|Any CPU.Build.0 = Debug|Any CPU
		{3FFF19B7-9D07-4ECF-9E81-1781994A4201}.Release|Any CPU.ActiveCfg = Release|Any CPU
		{3FFF19B7-9D07-4ECF-9E81-1781994A4201}.Release|Any CPU.Build.0 = Release|Any CPU
	EndGlobalSection
	GlobalSection(SolutionProperties) = preSolution
		HideSolutionNode = FALSE
	EndGlobalSection
	GlobalSection(ExtensibilityGlobals) = postSolution
		SolutionGuid = {A3C87208-95C9-49A7-9C04-905908EF5EEB}
	EndGlobalSection
EndGlobal
